
Microsoft Visual Studio Solution File, Format Version 12.00
# Visual Studio Version 17
VisualStudioVersion = 17.8.34511.84
MinimumVisualStudioVersion = 10.0.40219.1
Project("{9A19103F-16F7-4668-BE54-9A1E7A4F7556}") = "Worshipmaker.Web", "Worshipmaker.Web\Worshipmaker.Web.csproj", "{E9983DF7-22BC-4CBE-987D-1CC7307DDF76}"
EndProject
Project("{2150E333-8FDC-42A3-9474-1A3956D46DE8}") = "Solution Items", "Solution Items", "{73A7A9CE-5BB8-440C-91F9-EE06DADA787C}"
EndProject
Project("{2150E333-8FDC-42A3-9474-1A3956D46DE8}") = "SQL", "SQL", "{4AF9A353-F75D-418C-BFF9-161A2D45D8C3}"
	ProjectSection(SolutionItems) = preProject
		SQL\Schema.sql = SQL\Schema.sql
	EndProjectSection
EndProject
Project("{9A19103F-16F7-4668-BE54-9A1E7A4F7556}") = "Worshipmaker.Core", "Worshipmaker.Core\Worshipmaker.Core.csproj", "{3DE36AAB-B056-4792-A276-96089C5D0907}"
EndProject
Project("{FAE04EC0-301F-11D3-BF4B-00C04F79EFBC}") = "Worshipmaker.Api", "Worshipmaker.Api\Worshipmaker.Api.csproj", "{230F414A-52E3-40E6-AAF5-538D84B139A7}"
EndProject
Global
	GlobalSection(SolutionConfigurationPlatforms) = preSolution
		Debug|Any CPU = Debug|Any CPU
		Release|Any CPU = Release|Any CPU
	EndGlobalSection
	GlobalSection(ProjectConfigurationPlatforms) = postSolution
		{E9983DF7-22BC-4CBE-987D-1CC7307DDF76}.Debug|Any CPU.ActiveCfg = Debug|Any CPU
		{E9983DF7-22BC-4CBE-987D-1CC7307DDF76}.Debug|Any CPU.Build.0 = Debug|Any CPU
		{E9983DF7-22BC-4CBE-987D-1CC7307DDF76}.Release|Any CPU.ActiveCfg = Release|Any CPU
		{E9983DF7-22BC-4CBE-987D-1CC7307DDF76}.Release|Any CPU.Build.0 = Release|Any CPU
		{3DE36AAB-B056-4792-A276-96089C5D0907}.Debug|Any CPU.ActiveCfg = Debug|Any CPU
		{3DE36AAB-B056-4792-A276-96089C5D0907}.Debug|Any CPU.Build.0 = Debug|Any CPU
		{3DE36AAB-B056-4792-A276-96089C5D0907}.Release|Any CPU.ActiveCfg = Release|Any CPU
		{3DE36AAB-B056-4792-A276-96089C5D0907}.Release|Any CPU.Build.0 = Release|Any CPU
		{230F414A-52E3-40E6-AAF5-538D84B139A7}.Debug|Any CPU.ActiveCfg = Debug|Any CPU
		{230F414A-52E3-40E6-AAF5-538D84B139A7}.Debug|Any CPU.Build.0 = Debug|Any CPU
		{230F414A-52E3-40E6-AAF5-538D84B139A7}.Release|Any CPU.ActiveCfg = Release|Any CPU
		{230F414A-52E3-40E6-AAF5-538D84B139A7}.Release|Any CPU.Build.0 = Release|Any CPU
	EndGlobalSection
	GlobalSection(SolutionProperties) = preSolution
		HideSolutionNode = FALSE
	EndGlobalSection
	GlobalSection(NestedProjects) = preSolution
		{4AF9A353-F75D-418C-BFF9-161A2D45D8C3} = {73A7A9CE-5BB8-440C-91F9-EE06DADA787C}
	EndGlobalSection
	GlobalSection(ExtensibilityGlobals) = postSolution
		SolutionGuid = {60B1C371-4D9B-4101-8D15-2002C29686AE}
	EndGlobalSection
EndGlobal
